
Microsoft Visual Studio Solution File, Format Version 12.00
Project("{2150E333-8FDC-42A3-9474-1A3956D46DE8}") = "src", "src", "{2B112301-C070-4850-8218-AA4C90720350}"
EndProject
Project("{FAE04EC0-301F-11D3-BF4B-00C04F79EFBC}") = "Medic.WebApi", "src\Medic.WebApi\Medic.WebApi.csproj", "{0F7C7A3B-CEC5-4ED0-8F49-11C7DF63CB84}"
EndProject
Project("{FAE04EC0-301F-11D3-BF4B-00C04F79EFBC}") = "Medic.Domain", "src\Medic.Domain\Medic.Domain.csproj", "{6959D434-ADA4-452D-AB3E-D3E0FB50B8A5}"
EndProject
Project("{FAE04EC0-301F-11D3-BF4B-00C04F79EFBC}") = "Medic.DataAccess", "src\Medic.DataAccess\Medic.DataAccess.csproj", "{1FB80317-CFD5-482E-9328-BA391C09841D}"
EndProject
Project("{FAE04EC0-301F-11D3-BF4B-00C04F79EFBC}") = "Medic.Service", "src\Medic.Service\Medic.Service.csproj", "{085FA527-65B1-4D4E-91D0-775600991DD9}"
EndProject
Global
	GlobalSection(SolutionConfigurationPlatforms) = preSolution
		Debug|Any CPU = Debug|Any CPU
		Release|Any CPU = Release|Any CPU
	EndGlobalSection
	GlobalSection(ProjectConfigurationPlatforms) = postSolution
		{0F7C7A3B-CEC5-4ED0-8F49-11C7DF63CB84}.Debug|Any CPU.ActiveCfg = Debug|Any CPU
		{0F7C7A3B-CEC5-4ED0-8F49-11C7DF63CB84}.Debug|Any CPU.Build.0 = Debug|Any CPU
		{0F7C7A3B-CEC5-4ED0-8F49-11C7DF63CB84}.Release|Any CPU.ActiveCfg = Release|Any CPU
		{0F7C7A3B-CEC5-4ED0-8F49-11C7DF63CB84}.Release|Any CPU.Build.0 = Release|Any CPU
		{6959D434-ADA4-452D-AB3E-D3E0FB50B8A5}.Debug|Any CPU.ActiveCfg = Debug|Any CPU
		{6959D434-ADA4-452D-AB3E-D3E0FB50B8A5}.Debug|Any CPU.Build.0 = Debug|Any CPU
		{6959D434-ADA4-452D-AB3E-D3E0FB50B8A5}.Release|Any CPU.ActiveCfg = Release|Any CPU
		{6959D434-ADA4-452D-AB3E-D3E0FB50B8A5}.Release|Any CPU.Build.0 = Release|Any CPU
		{1FB80317-CFD5-482E-9328-BA391C09841D}.Debug|Any CPU.ActiveCfg = Debug|Any CPU
		{1FB80317-CFD5-482E-9328-BA391C09841D}.Debug|Any CPU.Build.0 = Debug|Any CPU
		{1FB80317-CFD5-482E-9328-BA391C09841D}.Release|Any CPU.ActiveCfg = Release|Any CPU
		{1FB80317-CFD5-482E-9328-BA391C09841D}.Release|Any CPU.Build.0 = Release|Any CPU
		{085FA527-65B1-4D4E-91D0-775600991DD9}.Debug|Any CPU.ActiveCfg = Debug|Any CPU
		{085FA527-65B1-4D4E-91D0-775600991DD9}.Debug|Any CPU.Build.0 = Debug|Any CPU
		{085FA527-65B1-4D4E-91D0-775600991DD9}.Release|Any CPU.ActiveCfg = Release|Any CPU
		{085FA527-65B1-4D4E-91D0-775600991DD9}.Release|Any CPU.Build.0 = Release|Any CPU
	EndGlobalSection
	GlobalSection(NestedProjects) = preSolution
		{0F7C7A3B-CEC5-4ED0-8F49-11C7DF63CB84} = {2B112301-C070-4850-8218-AA4C90720350}
		{6959D434-ADA4-452D-AB3E-D3E0FB50B8A5} = {2B112301-C070-4850-8218-AA4C90720350}
		{1FB80317-CFD5-482E-9328-BA391C09841D} = {2B112301-C070-4850-8218-AA4C90720350}
		{085FA527-65B1-4D4E-91D0-775600991DD9} = {2B112301-C070-4850-8218-AA4C90720350}
	EndGlobalSection
EndGlobal
